
Microsoft Visual Studio Solution File, Format Version 12.00
# Visual Studio 2013
VisualStudioVersion = 12.0.31101.0
MinimumVisualStudioVersion = 10.0.40219.1
Project("{FAE04EC0-301F-11D3-BF4B-00C04F79EFBC}") = "DeveloperShop.Domain", "DeveloperShop.Domain\DeveloperShop.Domain.csproj", "{F9269501-4EA4-43F1-A912-D94E4E03AECA}"
EndProject
Project("{FAE04EC0-301F-11D3-BF4B-00C04F79EFBC}") = "DeveloperShop.Infrastructure", "DeveloperShop.Infrastructure\DeveloperShop.Infrastructure.csproj", "{AD9BDA94-A3FC-4DF3-976F-AA68C82790EC}"
EndProject
Project("{FAE04EC0-301F-11D3-BF4B-00C04F79EFBC}") = "DeveloperShop.API", "DeveloperShop.API\DeveloperShop.API.csproj", "{62815834-6A73-458C-8B21-59DBA9D6C1C7}"
EndProject
Project("{FAE04EC0-301F-11D3-BF4B-00C04F79EFBC}") = "DeveloperShop.DependencyInjection", "DeveloperShop.DependencyInjection\DeveloperShop.DependencyInjection.csproj", "{05DC139A-8F58-4A26-BFF2-8037276AFF88}"
EndProject
Global
	GlobalSection(SolutionConfigurationPlatforms) = preSolution
		Debug|Any CPU = Debug|Any CPU
		Release|Any CPU = Release|Any CPU
	EndGlobalSection
	GlobalSection(ProjectConfigurationPlatforms) = postSolution
		{F9269501-4EA4-43F1-A912-D94E4E03AECA}.Debug|Any CPU.ActiveCfg = Debug|Any CPU
		{F9269501-4EA4-43F1-A912-D94E4E03AECA}.Debug|Any CPU.Build.0 = Debug|Any CPU
		{F9269501-4EA4-43F1-A912-D94E4E03AECA}.Release|Any CPU.ActiveCfg = Release|Any CPU
		{F9269501-4EA4-43F1-A912-D94E4E03AECA}.Release|Any CPU.Build.0 = Release|Any CPU
		{AD9BDA94-A3FC-4DF3-976F-AA68C82790EC}.Debug|Any CPU.ActiveCfg = Debug|Any CPU
		{AD9BDA94-A3FC-4DF3-976F-AA68C82790EC}.Debug|Any CPU.Build.0 = Debug|Any CPU
		{AD9BDA94-A3FC-4DF3-976F-AA68C82790EC}.Release|Any CPU.ActiveCfg = Release|Any CPU
		{AD9BDA94-A3FC-4DF3-976F-AA68C82790EC}.Release|Any CPU.Build.0 = Release|Any CPU
		{62815834-6A73-458C-8B21-59DBA9D6C1C7}.Debug|Any CPU.ActiveCfg = Debug|Any CPU
		{62815834-6A73-458C-8B21-59DBA9D6C1C7}.Debug|Any CPU.Build.0 = Debug|Any CPU
		{62815834-6A73-458C-8B21-59DBA9D6C1C7}.Release|Any CPU.ActiveCfg = Release|Any CPU
		{62815834-6A73-458C-8B21-59DBA9D6C1C7}.Release|Any CPU.Build.0 = Release|Any CPU
		{05DC139A-8F58-4A26-BFF2-8037276AFF88}.Debug|Any CPU.ActiveCfg = Debug|Any CPU
		{05DC139A-8F58-4A26-BFF2-8037276AFF88}.Debug|Any CPU.Build.0 = Debug|Any CPU
		{05DC139A-8F58-4A26-BFF2-8037276AFF88}.Release|Any CPU.ActiveCfg = Release|Any CPU
		{05DC139A-8F58-4A26-BFF2-8037276AFF88}.Release|Any CPU.Build.0 = Release|Any CPU
	EndGlobalSection
	GlobalSection(SolutionProperties) = preSolution
		HideSolutionNode = FALSE
	EndGlobalSection
	GlobalSection(ExtensibilityGlobals) = postSolution
		EnterpriseLibraryConfigurationToolBinariesPath = packages\Unity.2.1.505.2\lib\NET35
	EndGlobalSection
EndGlobal
